
Microsoft Visual Studio Solution File, Format Version 12.00
# Visual Studio Version 17
VisualStudioVersion = 17.5.002.0
MinimumVisualStudioVersion = 10.0.40219.1
Project("{9A19103F-16F7-4668-BE54-9A1E7A4F7556}") = "AbstraFunc", "AbstraFunc\AbstraFunc.csproj", "{1BF0CEBB-21C1-4B71-8811-6F9B774547F6}"
EndProject
Project("{9A19103F-16F7-4668-BE54-9A1E7A4F7556}") = "AgregacaoConta", "AgregacaoConta\AgregacaoConta.csproj", "{A28BA9CA-03A1-48F6-89D6-7B26A77446F6}"
EndProject
Project("{9A19103F-16F7-4668-BE54-9A1E7A4F7556}") = "AgregacaoVenda", "AgregacaoVenda\AgregacaoVenda.csproj", "{4F623888-43FB-4E06-863A-847F4E7529A8}"
EndProject
Project("{9A19103F-16F7-4668-BE54-9A1E7A4F7556}") = "ArrayAgregacaoConta", "ArrayAgregacaoConta\ArrayAgregacaoConta.csproj", "{E684DC13-3D4D-44EF-B686-8C14F745D711}"
EndProject
Project("{9A19103F-16F7-4668-BE54-9A1E7A4F7556}") = "construtor", "construtor\construtor.csproj", "{9854709A-A4E5-44A6-B55D-23C7163EE1A9}"
EndProject
Project("{9A19103F-16F7-4668-BE54-9A1E7A4F7556}") = "ConstrutorAluno", "ConstrutorAluno\ConstrutorAluno.csproj", "{B9B63508-B83A-4D01-AE2A-4C7DB51DDE0E}"
EndProject
Project("{9A19103F-16F7-4668-BE54-9A1E7A4F7556}") = "dio.estacionamento.desafio", "dio.estacionamento.desafio\dio.estacionamento.desafio.csproj", "{390A2B08-BFC7-4651-B90E-AFAA2F6BA752}"
EndProject
Project("{9A19103F-16F7-4668-BE54-9A1E7A4F7556}") = "encapsulamento-aula1", "encapsulamento-aula1\encapsulamento-aula1.csproj", "{E8307A5E-7614-4BA6-BD54-9EA18819B820}"
EndProject
Project("{9A19103F-16F7-4668-BE54-9A1E7A4F7556}") = "encapsulamento-aula2", "encapsulamento-aula2\encapsulamento-aula2.csproj", "{8A40AF73-139C-4DC1-BA7C-1C78CE01E009}"
EndProject
Project("{9A19103F-16F7-4668-BE54-9A1E7A4F7556}") = "exercicio-estoque", "exercicio-estoque\exercicio-estoque.csproj", "{EF4D3DE9-0B37-4A5C-AC38-B69885AB3012}"
EndProject
Project("{9A19103F-16F7-4668-BE54-9A1E7A4F7556}") = "Heranca", "Heranca\Heranca.csproj", "{AE6E5784-0455-4BBD-B72F-EFA44C907D34}"
EndProject
Project("{9A19103F-16F7-4668-BE54-9A1E7A4F7556}") = "primeira-aula", "primeira-aula\primeira-aula.csproj", "{0911F571-D906-40FA-9A85-E874A3E374F6}"
EndProject
Project("{2150E333-8FDC-42A3-9474-1A3956D46DE8}") = "segunda-aula", "segunda-aula", "{313284F1-7FAC-4060-BCB4-B89E88AED8DE}"
EndProject
Project("{9A19103F-16F7-4668-BE54-9A1E7A4F7556}") = "array-1", "segunda-aula\array-1\array-1.csproj", "{84A39ED2-3536-4C85-8A53-5BF400ED8E0F}"
EndProject
Project("{9A19103F-16F7-4668-BE54-9A1E7A4F7556}") = "array-produto", "segunda-aula\array-produto\array-produto.csproj", "{FD2BE2F9-300E-441E-8256-ABB6AA2158CE}"
EndProject
Global
	GlobalSection(SolutionConfigurationPlatforms) = preSolution
		Debug|Any CPU = Debug|Any CPU
		Release|Any CPU = Release|Any CPU
	EndGlobalSection
	GlobalSection(ProjectConfigurationPlatforms) = postSolution
		{1BF0CEBB-21C1-4B71-8811-6F9B774547F6}.Debug|Any CPU.ActiveCfg = Debug|Any CPU
		{1BF0CEBB-21C1-4B71-8811-6F9B774547F6}.Debug|Any CPU.Build.0 = Debug|Any CPU
		{1BF0CEBB-21C1-4B71-8811-6F9B774547F6}.Release|Any CPU.ActiveCfg = Release|Any CPU
		{1BF0CEBB-21C1-4B71-8811-6F9B774547F6}.Release|Any CPU.Build.0 = Release|Any CPU
		{A28BA9CA-03A1-48F6-89D6-7B26A77446F6}.Debug|Any CPU.ActiveCfg = Debug|Any CPU
		{A28BA9CA-03A1-48F6-89D6-7B26A77446F6}.Debug|Any CPU.Build.0 = Debug|Any CPU
		{A28BA9CA-03A1-48F6-89D6-7B26A77446F6}.Release|Any CPU.ActiveCfg = Release|Any CPU
		{A28BA9CA-03A1-48F6-89D6-7B26A77446F6}.Release|Any CPU.Build.0 = Release|Any CPU
		{4F623888-43FB-4E06-863A-847F4E7529A8}.Debug|Any CPU.ActiveCfg = Debug|Any CPU
		{4F623888-43FB-4E06-863A-847F4E7529A8}.Debug|Any CPU.Build.0 = Debug|Any CPU
		{4F623888-43FB-4E06-863A-847F4E7529A8}.Release|Any CPU.ActiveCfg = Release|Any CPU
		{4F623888-43FB-4E06-863A-847F4E7529A8}.Release|Any CPU.Build.0 = Release|Any CPU
		{E684DC13-3D4D-44EF-B686-8C14F745D711}.Debug|Any CPU.ActiveCfg = Debug|Any CPU
		{E684DC13-3D4D-44EF-B686-8C14F745D711}.Debug|Any CPU.Build.0 = Debug|Any CPU
		{E684DC13-3D4D-44EF-B686-8C14F745D711}.Release|Any CPU.ActiveCfg = Release|Any CPU
		{E684DC13-3D4D-44EF-B686-8C14F745D711}.Release|Any CPU.Build.0 = Release|Any CPU
		{9854709A-A4E5-44A6-B55D-23C7163EE1A9}.Debug|Any CPU.ActiveCfg = Debug|Any CPU
		{9854709A-A4E5-44A6-B55D-23C7163EE1A9}.Debug|Any CPU.Build.0 = Debug|Any CPU
		{9854709A-A4E5-44A6-B55D-23C7163EE1A9}.Release|Any CPU.ActiveCfg = Release|Any CPU
		{9854709A-A4E5-44A6-B55D-23C7163EE1A9}.Release|Any CPU.Build.0 = Release|Any CPU
		{B9B63508-B83A-4D01-AE2A-4C7DB51DDE0E}.Debug|Any CPU.ActiveCfg = Debug|Any CPU
		{B9B63508-B83A-4D01-AE2A-4C7DB51DDE0E}.Debug|Any CPU.Build.0 = Debug|Any CPU
		{B9B63508-B83A-4D01-AE2A-4C7DB51DDE0E}.Release|Any CPU.ActiveCfg = Release|Any CPU
		{B9B63508-B83A-4D01-AE2A-4C7DB51DDE0E}.Release|Any CPU.Build.0 = Release|Any CPU
		{390A2B08-BFC7-4651-B90E-AFAA2F6BA752}.Debug|Any CPU.ActiveCfg = Debug|Any CPU
		{390A2B08-BFC7-4651-B90E-AFAA2F6BA752}.Debug|Any CPU.Build.0 = Debug|Any CPU
		{390A2B08-BFC7-4651-B90E-AFAA2F6BA752}.Release|Any CPU.ActiveCfg = Release|Any CPU
		{390A2B08-BFC7-4651-B90E-AFAA2F6BA752}.Release|Any CPU.Build.0 = Release|Any CPU
		{E8307A5E-7614-4BA6-BD54-9EA18819B820}.Debug|Any CPU.ActiveCfg = Debug|Any CPU
		{E8307A5E-7614-4BA6-BD54-9EA18819B820}.Debug|Any CPU.Build.0 = Debug|Any CPU
		{E8307A5E-7614-4BA6-BD54-9EA18819B820}.Release|Any CPU.ActiveCfg = Release|Any CPU
		{E8307A5E-7614-4BA6-BD54-9EA18819B820}.Release|Any CPU.Build.0 = Release|Any CPU
		{8A40AF73-139C-4DC1-BA7C-1C78CE01E009}.Debug|Any CPU.ActiveCfg = Debug|Any CPU
		{8A40AF73-139C-4DC1-BA7C-1C78CE01E009}.Debug|Any CPU.Build.0 = Debug|Any CPU
		{8A40AF73-139C-4DC1-BA7C-1C78CE01E009}.Release|Any CPU.ActiveCfg = Release|Any CPU
		{8A40AF73-139C-4DC1-BA7C-1C78CE01E009}.Release|Any CPU.Build.0 = Release|Any CPU
		{EF4D3DE9-0B37-4A5C-AC38-B69885AB3012}.Debug|Any CPU.ActiveCfg = Debug|Any CPU
		{EF4D3DE9-0B37-4A5C-AC38-B69885AB3012}.Debug|Any CPU.Build.0 = Debug|Any CPU
		{EF4D3DE9-0B37-4A5C-AC38-B69885AB3012}.Release|Any CPU.ActiveCfg = Release|Any CPU
		{EF4D3DE9-0B37-4A5C-AC38-B69885AB3012}.Release|Any CPU.Build.0 = Release|Any CPU
		{AE6E5784-0455-4BBD-B72F-EFA44C907D34}.Debug|Any CPU.ActiveCfg = Debug|Any CPU
		{AE6E5784-0455-4BBD-B72F-EFA44C907D34}.Debug|Any CPU.Build.0 = Debug|Any CPU
		{AE6E5784-0455-4BBD-B72F-EFA44C907D34}.Release|Any CPU.ActiveCfg = Release|Any CPU
		{AE6E5784-0455-4BBD-B72F-EFA44C907D34}.Release|Any CPU.Build.0 = Release|Any CPU
		{0911F571-D906-40FA-9A85-E874A3E374F6}.Debug|Any CPU.ActiveCfg = Debug|Any CPU
		{0911F571-D906-40FA-9A85-E874A3E374F6}.Debug|Any CPU.Build.0 = Debug|Any CPU
		{0911F571-D906-40FA-9A85-E874A3E374F6}.Release|Any CPU.ActiveCfg = Release|Any CPU
		{0911F571-D906-40FA-9A85-E874A3E374F6}.Release|Any CPU.Build.0 = Release|Any CPU
		{84A39ED2-3536-4C85-8A53-5BF400ED8E0F}.Debug|Any CPU.ActiveCfg = Debug|Any CPU
		{84A39ED2-3536-4C85-8A53-5BF400ED8E0F}.Debug|Any CPU.Build.0 = Debug|Any CPU
		{84A39ED2-3536-4C85-8A53-5BF400ED8E0F}.Release|Any CPU.ActiveCfg = Release|Any CPU
		{84A39ED2-3536-4C85-8A53-5BF400ED8E0F}.Release|Any CPU.Build.0 = Release|Any CPU
		{FD2BE2F9-300E-441E-8256-ABB6AA2158CE}.Debug|Any CPU.ActiveCfg = Debug|Any CPU
		{FD2BE2F9-300E-441E-8256-ABB6AA2158CE}.Debug|Any CPU.Build.0 = Debug|Any CPU
		{FD2BE2F9-300E-441E-8256-ABB6AA2158CE}.Release|Any CPU.ActiveCfg = Release|Any CPU
		{FD2BE2F9-300E-441E-8256-ABB6AA2158CE}.Release|Any CPU.Build.0 = Release|Any CPU
	EndGlobalSection
	GlobalSection(SolutionProperties) = preSolution
		HideSolutionNode = FALSE
	EndGlobalSection
	GlobalSection(NestedProjects) = preSolution
		{84A39ED2-3536-4C85-8A53-5BF400ED8E0F} = {313284F1-7FAC-4060-BCB4-B89E88AED8DE}
		{FD2BE2F9-300E-441E-8256-ABB6AA2158CE} = {313284F1-7FAC-4060-BCB4-B89E88AED8DE}
	EndGlobalSection
	GlobalSection(ExtensibilityGlobals) = postSolution
		SolutionGuid = {73868106-5CB4-4C97-886B-131F2B9E068F}
	EndGlobalSection
EndGlobal
