
Microsoft Visual Studio Solution File, Format Version 12.00
# Visual Studio Version 17
VisualStudioVersion = 17.5.002.0
MinimumVisualStudioVersion = 10.0.40219.1
Project("{9A19103F-16F7-4668-BE54-9A1E7A4F7556}") = "AgregacaoConta", "AgregacaoConta\AgregacaoConta.csproj", "{234266BD-078C-45C2-A748-BF60549D6413}"
EndProject
Project("{9A19103F-16F7-4668-BE54-9A1E7A4F7556}") = "AgregacaoVenda", "AgregacaoVenda\AgregacaoVenda.csproj", "{422162CD-5C3B-4B79-82E9-295B809F64E1}"
EndProject
Project("{9A19103F-16F7-4668-BE54-9A1E7A4F7556}") = "ArrayAgregacaoConta", "ArrayAgregacaoConta\ArrayAgregacaoConta.csproj", "{5DD7A351-3C09-46C5-8A86-F5ACAD5F5D79}"
EndProject
Project("{9A19103F-16F7-4668-BE54-9A1E7A4F7556}") = "construtor", "construtor\construtor.csproj", "{4D727483-298C-4C9D-B92D-FF2ED886AF88}"
EndProject
Project("{9A19103F-16F7-4668-BE54-9A1E7A4F7556}") = "ConstrutorAluno", "ConstrutorAluno\ConstrutorAluno.csproj", "{BBFA3433-B806-4FAF-86B2-BD7EB3D4F112}"
EndProject
Project("{9A19103F-16F7-4668-BE54-9A1E7A4F7556}") = "dio.estacionamento.desafio", "dio.estacionamento.desafio\dio.estacionamento.desafio.csproj", "{7C85F4CF-99A4-4E40-94C4-1133093E9362}"
EndProject
Project("{9A19103F-16F7-4668-BE54-9A1E7A4F7556}") = "dio.hospedagemsistema.desafio", "dio.hospedagemsistema.desafio\dio.hospedagemsistema.desafio.csproj", "{1D5296EC-6C12-42C7-A624-FA386B5AE7B1}"
EndProject
Project("{9A19103F-16F7-4668-BE54-9A1E7A4F7556}") = "encapsulamento-aula1", "encapsulamento-aula1\encapsulamento-aula1.csproj", "{A6C4F0D4-646D-4B66-9409-FFC94FBE3A7C}"
EndProject
Project("{9A19103F-16F7-4668-BE54-9A1E7A4F7556}") = "encapsulamento-aula2", "encapsulamento-aula2\encapsulamento-aula2.csproj", "{CE814F72-7291-423B-8F25-0923BC92E948}"
EndProject
Project("{9A19103F-16F7-4668-BE54-9A1E7A4F7556}") = "exercicio-estoque", "exercicio-estoque\exercicio-estoque.csproj", "{B4BB9899-183C-4093-83B7-5794FF17770A}"
EndProject
Project("{9A19103F-16F7-4668-BE54-9A1E7A4F7556}") = "Heranca", "Heranca\Heranca.csproj", "{618BB195-B01A-47CB-B73F-BBC8B23E5D43}"
EndProject
Project("{9A19103F-16F7-4668-BE54-9A1E7A4F7556}") = "primeira-aula", "primeira-aula\primeira-aula.csproj", "{94F56C35-100A-4456-A8E5-3A958AE7F7FC}"
EndProject
Project("{2150E333-8FDC-42A3-9474-1A3956D46DE8}") = "segunda-aula", "segunda-aula", "{083C4DA9-56D0-46B1-B0F0-EC2A92BC4DA0}"
EndProject
Project("{9A19103F-16F7-4668-BE54-9A1E7A4F7556}") = "array-1", "segunda-aula\array-1\array-1.csproj", "{184E005C-0235-4CAA-9D27-89C8044CD860}"
EndProject
Project("{9A19103F-16F7-4668-BE54-9A1E7A4F7556}") = "array-produto", "segunda-aula\array-produto\array-produto.csproj", "{6FBEDC7A-93D0-4BBD-A822-6719E18F6FE8}"
EndProject
Global
	GlobalSection(SolutionConfigurationPlatforms) = preSolution
		Debug|Any CPU = Debug|Any CPU
		Release|Any CPU = Release|Any CPU
	EndGlobalSection
	GlobalSection(ProjectConfigurationPlatforms) = postSolution
		{234266BD-078C-45C2-A748-BF60549D6413}.Debug|Any CPU.ActiveCfg = Debug|Any CPU
		{234266BD-078C-45C2-A748-BF60549D6413}.Debug|Any CPU.Build.0 = Debug|Any CPU
		{234266BD-078C-45C2-A748-BF60549D6413}.Release|Any CPU.ActiveCfg = Release|Any CPU
		{234266BD-078C-45C2-A748-BF60549D6413}.Release|Any CPU.Build.0 = Release|Any CPU
		{422162CD-5C3B-4B79-82E9-295B809F64E1}.Debug|Any CPU.ActiveCfg = Debug|Any CPU
		{422162CD-5C3B-4B79-82E9-295B809F64E1}.Debug|Any CPU.Build.0 = Debug|Any CPU
		{422162CD-5C3B-4B79-82E9-295B809F64E1}.Release|Any CPU.ActiveCfg = Release|Any CPU
		{422162CD-5C3B-4B79-82E9-295B809F64E1}.Release|Any CPU.Build.0 = Release|Any CPU
		{5DD7A351-3C09-46C5-8A86-F5ACAD5F5D79}.Debug|Any CPU.ActiveCfg = Debug|Any CPU
		{5DD7A351-3C09-46C5-8A86-F5ACAD5F5D79}.Debug|Any CPU.Build.0 = Debug|Any CPU
		{5DD7A351-3C09-46C5-8A86-F5ACAD5F5D79}.Release|Any CPU.ActiveCfg = Release|Any CPU
		{5DD7A351-3C09-46C5-8A86-F5ACAD5F5D79}.Release|Any CPU.Build.0 = Release|Any CPU
		{4D727483-298C-4C9D-B92D-FF2ED886AF88}.Debug|Any CPU.ActiveCfg = Debug|Any CPU
		{4D727483-298C-4C9D-B92D-FF2ED886AF88}.Debug|Any CPU.Build.0 = Debug|Any CPU
		{4D727483-298C-4C9D-B92D-FF2ED886AF88}.Release|Any CPU.ActiveCfg = Release|Any CPU
		{4D727483-298C-4C9D-B92D-FF2ED886AF88}.Release|Any CPU.Build.0 = Release|Any CPU
		{BBFA3433-B806-4FAF-86B2-BD7EB3D4F112}.Debug|Any CPU.ActiveCfg = Debug|Any CPU
		{BBFA3433-B806-4FAF-86B2-BD7EB3D4F112}.Debug|Any CPU.Build.0 = Debug|Any CPU
		{BBFA3433-B806-4FAF-86B2-BD7EB3D4F112}.Release|Any CPU.ActiveCfg = Release|Any CPU
		{BBFA3433-B806-4FAF-86B2-BD7EB3D4F112}.Release|Any CPU.Build.0 = Release|Any CPU
		{7C85F4CF-99A4-4E40-94C4-1133093E9362}.Debug|Any CPU.ActiveCfg = Debug|Any CPU
		{7C85F4CF-99A4-4E40-94C4-1133093E9362}.Debug|Any CPU.Build.0 = Debug|Any CPU
		{7C85F4CF-99A4-4E40-94C4-1133093E9362}.Release|Any CPU.ActiveCfg = Release|Any CPU
		{7C85F4CF-99A4-4E40-94C4-1133093E9362}.Release|Any CPU.Build.0 = Release|Any CPU
		{1D5296EC-6C12-42C7-A624-FA386B5AE7B1}.Debug|Any CPU.ActiveCfg = Debug|Any CPU
		{1D5296EC-6C12-42C7-A624-FA386B5AE7B1}.Debug|Any CPU.Build.0 = Debug|Any CPU
		{1D5296EC-6C12-42C7-A624-FA386B5AE7B1}.Release|Any CPU.ActiveCfg = Release|Any CPU
		{1D5296EC-6C12-42C7-A624-FA386B5AE7B1}.Release|Any CPU.Build.0 = Release|Any CPU
		{A6C4F0D4-646D-4B66-9409-FFC94FBE3A7C}.Debug|Any CPU.ActiveCfg = Debug|Any CPU
		{A6C4F0D4-646D-4B66-9409-FFC94FBE3A7C}.Debug|Any CPU.Build.0 = Debug|Any CPU
		{A6C4F0D4-646D-4B66-9409-FFC94FBE3A7C}.Release|Any CPU.ActiveCfg = Release|Any CPU
		{A6C4F0D4-646D-4B66-9409-FFC94FBE3A7C}.Release|Any CPU.Build.0 = Release|Any CPU
		{CE814F72-7291-423B-8F25-0923BC92E948}.Debug|Any CPU.ActiveCfg = Debug|Any CPU
		{CE814F72-7291-423B-8F25-0923BC92E948}.Debug|Any CPU.Build.0 = Debug|Any CPU
		{CE814F72-7291-423B-8F25-0923BC92E948}.Release|Any CPU.ActiveCfg = Release|Any CPU
		{CE814F72-7291-423B-8F25-0923BC92E948}.Release|Any CPU.Build.0 = Release|Any CPU
		{B4BB9899-183C-4093-83B7-5794FF17770A}.Debug|Any CPU.ActiveCfg = Debug|Any CPU
		{B4BB9899-183C-4093-83B7-5794FF17770A}.Debug|Any CPU.Build.0 = Debug|Any CPU
		{B4BB9899-183C-4093-83B7-5794FF17770A}.Release|Any CPU.ActiveCfg = Release|Any CPU
		{B4BB9899-183C-4093-83B7-5794FF17770A}.Release|Any CPU.Build.0 = Release|Any CPU
		{618BB195-B01A-47CB-B73F-BBC8B23E5D43}.Debug|Any CPU.ActiveCfg = Debug|Any CPU
		{618BB195-B01A-47CB-B73F-BBC8B23E5D43}.Debug|Any CPU.Build.0 = Debug|Any CPU
		{618BB195-B01A-47CB-B73F-BBC8B23E5D43}.Release|Any CPU.ActiveCfg = Release|Any CPU
		{618BB195-B01A-47CB-B73F-BBC8B23E5D43}.Release|Any CPU.Build.0 = Release|Any CPU
		{94F56C35-100A-4456-A8E5-3A958AE7F7FC}.Debug|Any CPU.ActiveCfg = Debug|Any CPU
		{94F56C35-100A-4456-A8E5-3A958AE7F7FC}.Debug|Any CPU.Build.0 = Debug|Any CPU
		{94F56C35-100A-4456-A8E5-3A958AE7F7FC}.Release|Any CPU.ActiveCfg = Release|Any CPU
		{94F56C35-100A-4456-A8E5-3A958AE7F7FC}.Release|Any CPU.Build.0 = Release|Any CPU
		{184E005C-0235-4CAA-9D27-89C8044CD860}.Debug|Any CPU.ActiveCfg = Debug|Any CPU
		{184E005C-0235-4CAA-9D27-89C8044CD860}.Debug|Any CPU.Build.0 = Debug|Any CPU
		{184E005C-0235-4CAA-9D27-89C8044CD860}.Release|Any CPU.ActiveCfg = Release|Any CPU
		{184E005C-0235-4CAA-9D27-89C8044CD860}.Release|Any CPU.Build.0 = Release|Any CPU
		{6FBEDC7A-93D0-4BBD-A822-6719E18F6FE8}.Debug|Any CPU.ActiveCfg = Debug|Any CPU
		{6FBEDC7A-93D0-4BBD-A822-6719E18F6FE8}.Debug|Any CPU.Build.0 = Debug|Any CPU
		{6FBEDC7A-93D0-4BBD-A822-6719E18F6FE8}.Release|Any CPU.ActiveCfg = Release|Any CPU
		{6FBEDC7A-93D0-4BBD-A822-6719E18F6FE8}.Release|Any CPU.Build.0 = Release|Any CPU
	EndGlobalSection
	GlobalSection(SolutionProperties) = preSolution
		HideSolutionNode = FALSE
	EndGlobalSection
	GlobalSection(NestedProjects) = preSolution
		{184E005C-0235-4CAA-9D27-89C8044CD860} = {083C4DA9-56D0-46B1-B0F0-EC2A92BC4DA0}
		{6FBEDC7A-93D0-4BBD-A822-6719E18F6FE8} = {083C4DA9-56D0-46B1-B0F0-EC2A92BC4DA0}
	EndGlobalSection
	GlobalSection(ExtensibilityGlobals) = postSolution
		SolutionGuid = {93A05300-834E-46DC-AC6C-15A649DA3B50}
	EndGlobalSection
EndGlobal
